{
  "nodes": {
    "nixpkgs": {
      "locked": {
        "lastModified": 1703192751,
        "narHash": "sha256-ZIQ84AWlIHRgZe5KDcaw303MBkGSMEVlFxMiqjMVkbI=",
        "owner": "nixos",
        "repo": "nixpkgs",
        "rev": "30cd89625c46c801946da2c5d249dc5c0cb37da5",
        "type": "github"
      },
      "original": {
        "owner": "nixos",
        "ref": "master",
        "repo": "nixpkgs",
        "type": "github"
      }
    },
    "root": {
      "inputs": {
        "nixpkgs": "nixpkgs"
      }
    }
  },
  "root": "root",
  "version": 7
}
