{
  "nodes": {
    "nixpkgs": {
      "locked": {
        "lastModified": 1700349112,
        "narHash": "sha256-EjxXLCEvyZKgwhzYBsJ6BC9+KHDKGt/IPR4uuLLIKYI=",
        "owner": "nixos",
        "repo": "nixpkgs",
        "rev": "a2e8e3b7141dbcf1a62693cb6fefa44158a9a0f9",
        "type": "github"
      },
      "original": {
        "owner": "nixos",
        "ref": "master",
        "repo": "nixpkgs",
        "type": "github"
      }
    },
    "root": {
      "inputs": {
        "nixpkgs": "nixpkgs"
      }
    }
  },
  "root": "root",
  "version": 7
}
